
Microsoft Visual Studio Solution File, Format Version 12.00
# Visual Studio Version 17
VisualStudioVersion = 17.5.33502.453
MinimumVisualStudioVersion = 10.0.40219.1
Project("{8BC9CEB8-8B4A-11D0-8D11-00A0C91BC942}") = "Act_Quiksort_031", "Act_Quiksort_031.vcxproj", "{E43F7D82-64EE-4A99-899B-BEA4FE059AAD}"
EndProject
Global
	GlobalSection(SolutionConfigurationPlatforms) = preSolution
		Debug|x64 = Debug|x64
		Debug|x86 = Debug|x86
		Release|x64 = Release|x64
		Release|x86 = Release|x86
	EndGlobalSection
	GlobalSection(ProjectConfigurationPlatforms) = postSolution
		{E43F7D82-64EE-4A99-899B-BEA4FE059AAD}.Debug|x64.ActiveCfg = Debug|x64
		{E43F7D82-64EE-4A99-899B-BEA4FE059AAD}.Debug|x64.Build.0 = Debug|x64
		{E43F7D82-64EE-4A99-899B-BEA4FE059AAD}.Debug|x86.ActiveCfg = Debug|Win32
		{E43F7D82-64EE-4A99-899B-BEA4FE059AAD}.Debug|x86.Build.0 = Debug|Win32
		{E43F7D82-64EE-4A99-899B-BEA4FE059AAD}.Release|x64.ActiveCfg = Release|x64
		{E43F7D82-64EE-4A99-899B-BEA4FE059AAD}.Release|x64.Build.0 = Release|x64
		{E43F7D82-64EE-4A99-899B-BEA4FE059AAD}.Release|x86.ActiveCfg = Release|Win32
		{E43F7D82-64EE-4A99-899B-BEA4FE059AAD}.Release|x86.Build.0 = Release|Win32
	EndGlobalSection
	GlobalSection(SolutionProperties) = preSolution
		HideSolutionNode = FALSE
	EndGlobalSection
	GlobalSection(ExtensibilityGlobals) = postSolution
		SolutionGuid = {09150AB5-E77B-4F6C-9444-6AB4B40EFE51}
	EndGlobalSection
EndGlobal
